// !$*UTF8*$!
{
	archiveVersion = 1;
	classes = {
	};
	objectVersion = 77;
	objects = {

/* Begin PBXBuildFile section */
		A10332832F8DC44F00C7DDA1 /* Sparkle in Frameworks */ = {isa = PBXBuildFile; productRef = A10332822F8DC44F00C7DDA1 /* Sparkle */; };
		A10332862F8EDA5800C7DDA1 /* KeyboardShortcuts in Frameworks */ = {isa = PBXBuildFile; productRef = A10332852F8EDA5800C7DDA1 /* KeyboardShortcuts */; };
		A103328B2F8FE1D400C7DDA1 /* PostHog in Frameworks */ = {isa = PBXBuildFile; productRef = A103328A2F8FE1D400C7DDA1 /* PostHog */; };
		A1E947342F8781B200C0870A /* SkyLightWindow in Frameworks */ = {isa = PBXBuildFile; productRef = A1E947332F8781B200C0870A /* SkyLightWindow */; };
/* End PBXBuildFile section */

/* Begin PBXContainerItemProxy section */
		A16A17FE2F85BA7D0021EADF /* PBXContainerItemProxy */ = {
			isa = PBXContainerItemProxy;
			containerPortal = A16A17E82F85BA7D0021EADF /* Project object */;
			proxyType = 1;
			remoteGlobalIDString = A16A17EF2F85BA7D0021EADF;
			remoteInfo = Notch;
		};
		A16A18082F85BA7D0021EADF /* PBXContainerItemProxy */ = {
			isa = PBXContainerItemProxy;
			containerPortal = A16A17E82F85BA7D0021EADF /* Project object */;
			proxyType = 1;
			remoteGlobalIDString = A16A17EF2F85BA7D0021EADF;
			remoteInfo = Notch;
		};
/* End PBXContainerItemProxy section */

/* Begin PBXFileReference section */
		A13A03782F884A1A00D8FD3F /* WaveNotch.entitlements */ = {isa = PBXFileReference; lastKnownFileType = text.plist.entitlements; path = WaveNotch.entitlements; sourceTree = "<group>"; };
		A16A17F02F85BA7D0021EADF /* WaveNotch.app */ = {isa = PBXFileReference; explicitFileType = wrapper.application; includeInIndex = 0; path = WaveNotch.app; sourceTree = BUILT_PRODUCTS_DIR; };
		A16A17FD2F85BA7D0021EADF /* NotchTests.xctest */ = {isa = PBXFileReference; explicitFileType = wrapper.cfbundle; includeInIndex = 0; path = NotchTests.xctest; sourceTree = BUILT_PRODUCTS_DIR; };
		A16A18072F85BA7D0021EADF /* NotchUITests.xctest */ = {isa = PBXFileReference; explicitFileType = wrapper.cfbundle; includeInIndex = 0; path = NotchUITests.xctest; sourceTree = BUILT_PRODUCTS_DIR; };
/* End PBXFileReference section */

/* Begin PBXFileSystemSynchronizedBuildFileExceptionSet section */
		A16A181B2F85BE230021EADF /* Exceptions for "Notch" folder in "WaveNotch" target */ = {
			isa = PBXFileSystemSynchronizedBuildFileExceptionSet;
			membershipExceptions = (
				Info.plist,
			);
			target = A16A17EF2F85BA7D0021EADF /* WaveNotch */;
		};
/* End PBXFileSystemSynchronizedBuildFileExceptionSet section */

/* Begin PBXFileSystemSynchronizedRootGroup section */
		A16A17F22F85BA7D0021EADF /* Notch */ = {
			isa = PBXFileSystemSynchronizedRootGroup;
			exceptions = (
				A16A181B2F85BE230021EADF /* Exceptions for "Notch" folder in "WaveNotch" target */,
			);
			path = Notch;
			sourceTree = "<group>";
		};
		A16A18002F85BA7D0021EADF /* NotchTests */ = {
			isa = PBXFileSystemSynchronizedRootGroup;
			path = NotchTests;
			sourceTree = "<group>";
		};
		A16A180A2F85BA7D0021EADF /* NotchUITests */ = {
			isa = PBXFileSystemSynchronizedRootGroup;
			path = NotchUITests;
			sourceTree = "<group>";
		};
/* End PBXFileSystemSynchronizedRootGroup section */

/* Begin PBXFrameworksBuildPhase section */
		A16A17ED2F85BA7D0021EADF /* Frameworks */ = {
			isa = PBXFrameworksBuildPhase;
			buildActionMask = 2147483647;
			files = (
				A1E947342F8781B200C0870A /* SkyLightWindow in Frameworks */,
				A10332832F8DC44F00C7DDA1 /* Sparkle in Frameworks */,
				A10332862F8EDA5800C7DDA1 /* KeyboardShortcuts in Frameworks */,
				A103328B2F8FE1D400C7DDA1 /* PostHog in Frameworks */,
			);
			runOnlyForDeploymentPostprocessing = 0;
		};
		A16A17FA2F85BA7D0021EADF /* Frameworks */ = {
			isa = PBXFrameworksBuildPhase;
			buildActionMask = 2147483647;
			files = (
			);
			runOnlyForDeploymentPostprocessing = 0;
		};
		A16A18042F85BA7D0021EADF /* Frameworks */ = {
			isa = PBXFrameworksBuildPhase;
			buildActionMask = 2147483647;
			files = (
			);
			runOnlyForDeploymentPostprocessing = 0;
		};
/* End PBXFrameworksBuildPhase section */

/* Begin PBXGroup section */
		A16A17E72F85BA7D0021EADF = {
			isa = PBXGroup;
			children = (
				A13A03782F884A1A00D8FD3F /* WaveNotch.entitlements */,
				A16A17F22F85BA7D0021EADF /* Notch */,
				A16A18002F85BA7D0021EADF /* NotchTests */,
				A16A180A2F85BA7D0021EADF /* NotchUITests */,
				A1E947322F87819400C0870A /* Frameworks */,
				A16A17F12F85BA7D0021EADF /* Products */,
			);
			sourceTree = "<group>";
		};
		A16A17F12F85BA7D0021EADF /* Products */ = {
			isa = PBXGroup;
			children = (
				A16A17F02F85BA7D0021EADF /* WaveNotch.app */,
				A16A17FD2F85BA7D0021EADF /* NotchTests.xctest */,
				A16A18072F85BA7D0021EADF /* NotchUITests.xctest */,
			);
			name = Products;
			sourceTree = "<group>";
		};
		A1E947322F87819400C0870A /* Frameworks */ = {
			isa = PBXGroup;
			children = (
			);
			name = Frameworks;
			sourceTree = "<group>";
		};
/* End PBXGroup section */

/* Begin PBXNativeTarget section */
		A16A17EF2F85BA7D0021EADF /* WaveNotch */ = {
			isa = PBXNativeTarget;
			buildConfigurationList = A16A18112F85BA7D0021EADF /* Build configuration list for PBXNativeTarget "WaveNotch" */;
			buildPhases = (
				A16A17EC2F85BA7D0021EADF /* Sources */,
				A16A17ED2F85BA7D0021EADF /* Frameworks */,
				A16A17EE2F85BA7D0021EADF /* Resources */,
			);
			buildRules = (
			);
			dependencies = (
			);
			fileSystemSynchronizedGroups = (
				A16A17F22F85BA7D0021EADF /* Notch */,
			);
			name = WaveNotch;
			packageProductDependencies = (
				A1E947332F8781B200C0870A /* SkyLightWindow */,
				A10332822F8DC44F00C7DDA1 /* Sparkle */,
				A10332852F8EDA5800C7DDA1 /* KeyboardShortcuts */,
				A103328A2F8FE1D400C7DDA1 /* PostHog */,
			);
			productName = Notch;
			productReference = A16A17F02F85BA7D0021EADF /* WaveNotch.app */;
			productType = "com.apple.product-type.application";
		};
		A16A17FC2F85BA7D0021EADF /* NotchTests */ = {
			isa = PBXNativeTarget;
			buildConfigurationList = A16A18142F85BA7D0021EADF /* Build configuration list for PBXNativeTarget "NotchTests" */;
			buildPhases = (
				A16A17F92F85BA7D0021EADF /* Sources */,
				A16A17FA2F85BA7D0021EADF /* Frameworks */,
				A16A17FB2F85BA7D0021EADF /* Resources */,
			);
			buildRules = (
			);
			dependencies = (
				A16A17FF2F85BA7D0021EADF /* PBXTargetDependency */,
			);
			fileSystemSynchronizedGroups = (
				A16A18002F85BA7D0021EADF /* NotchTests */,
			);
			name = NotchTests;
			packageProductDependencies = (
			);
			productName = NotchTests;
			productReference = A16A17FD2F85BA7D0021EADF /* NotchTests.xctest */;
			productType = "com.apple.product-type.bundle.unit-test";
		};
		A16A18062F85BA7D0021EADF /* NotchUITests */ = {
			isa = PBXNativeTarget;
			buildConfigurationList = A16A18172F85BA7D0021EADF /* Build configuration list for PBXNativeTarget "NotchUITests" */;
			buildPhases = (
				A16A18032F85BA7D0021EADF /* Sources */,
				A16A18042F85BA7D0021EADF /* Frameworks */,
				A16A18052F85BA7D0021EADF /* Resources */,
			);
			buildRules = (
			);
			dependencies = (
				A16A18092F85BA7D0021EADF /* PBXTargetDependency */,
			);
			fileSystemSynchronizedGroups = (
				A16A180A2F85BA7D0021EADF /* NotchUITests */,
			);
			name = NotchUITests;
			packageProductDependencies = (
			);
			productName = NotchUITests;
			productReference = A16A18072F85BA7D0021EADF /* NotchUITests.xctest */;
			productType = "com.apple.product-type.bundle.ui-testing";
		};
/* End PBXNativeTarget section */

/* Begin PBXProject section */
		A16A17E82F85BA7D0021EADF /* Project object */ = {
			isa = PBXProject;
			attributes = {
				BuildIndependentTargetsInParallel = 1;
				LastSwiftUpdateCheck = 2640;
				LastUpgradeCheck = 2640;
				TargetAttributes = {
					A16A17EF2F85BA7D0021EADF = {
						CreatedOnToolsVersion = 26.4;
					};
					A16A17FC2F85BA7D0021EADF = {
						CreatedOnToolsVersion = 26.4;
						TestTargetID = A16A17EF2F85BA7D0021EADF;
					};
					A16A18062F85BA7D0021EADF = {
						CreatedOnToolsVersion = 26.4;
						TestTargetID = A16A17EF2F85BA7D0021EADF;
					};
				};
			};
			buildConfigurationList = A16A17EB2F85BA7D0021EADF /* Build configuration list for PBXProject "Notch" */;
			developmentRegion = en;
			hasScannedForEncodings = 0;
			knownRegions = (
				en,
				Base,
			);
			mainGroup = A16A17E72F85BA7D0021EADF;
			minimizedProjectReferenceProxies = 1;
			packageReferences = (
				A1E947312F87800B00C0870A /* XCRemoteSwiftPackageReference "SkyLightWindow" */,
				A10332812F8DC30400C7DDA1 /* XCRemoteSwiftPackageReference "Sparkle" */,
				A10332842F8EDA4800C7DDA1 /* XCRemoteSwiftPackageReference "KeyboardShortcuts" */,
				A10332892F8FE1C700C7DDA1 /* XCRemoteSwiftPackageReference "posthog-ios" */,
			);
			preferredProjectObjectVersion = 77;
			productRefGroup = A16A17F12F85BA7D0021EADF /* Products */;
			projectDirPath = "";
			projectRoot = "";
			targets = (
				A16A17EF2F85BA7D0021EADF /* WaveNotch */,
				A16A17FC2F85BA7D0021EADF /* NotchTests */,
				A16A18062F85BA7D0021EADF /* NotchUITests */,
			);
		};
/* End PBXProject section */

/* Begin PBXResourcesBuildPhase section */
		A16A17EE2F85BA7D0021EADF /* Resources */ = {
			isa = PBXResourcesBuildPhase;
			buildActionMask = 2147483647;
			files = (
			);
			runOnlyForDeploymentPostprocessing = 0;
		};
		A16A17FB2F85BA7D0021EADF /* Resources */ = {
			isa = PBXResourcesBuildPhase;
			buildActionMask = 2147483647;
			files = (
			);
			runOnlyForDeploymentPostprocessing = 0;
		};
		A16A18052F85BA7D0021EADF /* Resources */ = {
			isa = PBXResourcesBuildPhase;
			buildActionMask = 2147483647;
			files = (
			);
			runOnlyForDeploymentPostprocessing = 0;
		};
/* End PBXResourcesBuildPhase section */

/* Begin PBXSourcesBuildPhase section */
		A16A17EC2F85BA7D0021EADF /* Sources */ = {
			isa = PBXSourcesBuildPhase;
			buildActionMask = 2147483647;
			files = (
			);
			runOnlyForDeploymentPostprocessing = 0;
		};
		A16A17F92F85BA7D0021EADF /* Sources */ = {
			isa = PBXSourcesBuildPhase;
			buildActionMask = 2147483647;
			files = (
			);
			runOnlyForDeploymentPostprocessing = 0;
		};
		A16A18032F85BA7D0021EADF /* Sources */ = {
			isa = PBXSourcesBuildPhase;
			buildActionMask = 2147483647;
			files = (
			);
			runOnlyForDeploymentPostprocessing = 0;
		};
/* End PBXSourcesBuildPhase section */

/* Begin PBXTargetDependency section */
		A16A17FF2F85BA7D0021EADF /* PBXTargetDependency */ = {
			isa = PBXTargetDependency;
			target = A16A17EF2F85BA7D0021EADF /* WaveNotch */;
			targetProxy = A16A17FE2F85BA7D0021EADF /* PBXContainerItemProxy */;
		};
		A16A18092F85BA7D0021EADF /* PBXTargetDependency */ = {
			isa = PBXTargetDependency;
			target = A16A17EF2F85BA7D0021EADF /* WaveNotch */;
			targetProxy = A16A18082F85BA7D0021EADF /* PBXContainerItemProxy */;
		};
/* End PBXTargetDependency section */

/* Begin XCBuildConfiguration section */
		A16A180F2F85BA7D0021EADF /* Debug */ = {
			isa = XCBuildConfiguration;
			buildSettings = {
				ALWAYS_SEARCH_USER_PATHS = NO;
				ASSETCATALOG_COMPILER_GENERATE_SWIFT_ASSET_SYMBOL_EXTENSIONS = YES;
				CLANG_ANALYZER_NONNULL = YES;
				CLANG_ANALYZER_NUMBER_OBJECT_CONVERSION = YES_AGGRESSIVE;
				CLANG_CXX_LANGUAGE_STANDARD = "gnu++20";
				CLANG_ENABLE_MODULES = YES;
				CLANG_ENABLE_OBJC_ARC = YES;
				CLANG_ENABLE_OBJC_WEAK = YES;
				CLANG_WARN_BLOCK_CAPTURE_AUTORELEASING = YES;
				CLANG_WARN_BOOL_CONVERSION = YES;
				CLANG_WARN_COMMA = YES;
				CLANG_WARN_CONSTANT_CONVERSION = YES;
				CLANG_WARN_DEPRECATED_OBJC_IMPLEMENTATIONS = YES;
				CLANG_WARN_DIRECT_OBJC_ISA_USAGE = YES_ERROR;
				CLANG_WARN_DOCUMENTATION_COMMENTS = YES;
				CLANG_WARN_EMPTY_BODY = YES;
				CLANG_WARN_ENUM_CONVERSION = YES;
				CLANG_WARN_INFINITE_RECURSION = YES;
				CLANG_WARN_INT_CONVERSION = YES;
				CLANG_WARN_NON_LITERAL_NULL_CONVERSION = YES;
				CLANG_WARN_OBJC_IMPLICIT_RETAIN_SELF = YES;
				CLANG_WARN_OBJC_LITERAL_CONVERSION = YES;
				CLANG_WARN_OBJC_ROOT_CLASS = YES_ERROR;
				CLANG_WARN_QUOTED_INCLUDE_IN_FRAMEWORK_HEADER = YES;
				CLANG_WARN_RANGE_LOOP_ANALYSIS = YES;
				CLANG_WARN_STRICT_PROTOTYPES = YES;
				CLANG_WARN_SUSPICIOUS_MOVE = YES;
				CLANG_WARN_UNGUARDED_AVAILABILITY = YES_AGGRESSIVE;
				CLANG_WARN_UNREACHABLE_CODE = YES;
				CLANG_WARN__DUPLICATE_METHOD_MATCH = YES;
				COPY_PHASE_STRIP = NO;
				DEBUG_INFORMATION_FORMAT = dwarf;
				DEVELOPMENT_TEAM = 5WH7G6L8BA;
				ENABLE_STRICT_OBJC_MSGSEND = YES;
				ENABLE_TESTABILITY = YES;
				ENABLE_USER_SCRIPT_SANDBOXING = YES;
				GCC_C_LANGUAGE_STANDARD = gnu17;
				GCC_DYNAMIC_NO_PIC = NO;
				GCC_NO_COMMON_BLOCKS = YES;
				GCC_OPTIMIZATION_LEVEL = 0;
				GCC_PREPROCESSOR_DEFINITIONS = (
					"DEBUG=1",
					"$(inherited)",
				);
				GCC_WARN_64_TO_32_BIT_CONVERSION = YES;
				GCC_WARN_ABOUT_RETURN_TYPE = YES_ERROR;
				GCC_WARN_UNDECLARED_SELECTOR = YES;
				GCC_WARN_UNINITIALIZED_AUTOS = YES_AGGRESSIVE;
				GCC_WARN_UNUSED_FUNCTION = YES;
				GCC_WARN_UNUSED_VARIABLE = YES;
				LOCALIZATION_PREFERS_STRING_CATALOGS = YES;
				MACOSX_DEPLOYMENT_TARGET = 26.4;
				MTL_ENABLE_DEBUG_INFO = INCLUDE_SOURCE;
				MTL_FAST_MATH = YES;
				ONLY_ACTIVE_ARCH = YES;
				SDKROOT = macosx;
				SWIFT_ACTIVE_COMPILATION_CONDITIONS = "DEBUG $(inherited)";
				SWIFT_OPTIMIZATION_LEVEL = "-Onone";
			};
			name = Debug;
		};
		A16A18102F85BA7D0021EADF /* Release */ = {
			isa = XCBuildConfiguration;
			buildSettings = {
				ALWAYS_SEARCH_USER_PATHS = NO;
				ASSETCATALOG_COMPILER_GENERATE_SWIFT_ASSET_SYMBOL_EXTENSIONS = YES;
				CLANG_ANALYZER_NONNULL = YES;
				CLANG_ANALYZER_NUMBER_OBJECT_CONVERSION = YES_AGGRESSIVE;
				CLANG_CXX_LANGUAGE_STANDARD = "gnu++20";
				CLANG_ENABLE_MODULES = YES;
				CLANG_ENABLE_OBJC_ARC = YES;
				CLANG_ENABLE_OBJC_WEAK = YES;
				CLANG_WARN_BLOCK_CAPTURE_AUTORELEASING = YES;
				CLANG_WARN_BOOL_CONVERSION = YES;
				CLANG_WARN_COMMA = YES;
				CLANG_WARN_CONSTANT_CONVERSION = YES;
				CLANG_WARN_DEPRECATED_OBJC_IMPLEMENTATIONS = YES;
				CLANG_WARN_DIRECT_OBJC_ISA_USAGE = YES_ERROR;
				CLANG_WARN_DOCUMENTATION_COMMENTS = YES;
				CLANG_WARN_EMPTY_BODY = YES;
				CLANG_WARN_ENUM_CONVERSION = YES;
				CLANG_WARN_INFINITE_RECURSION = YES;
				CLANG_WARN_INT_CONVERSION = YES;
				CLANG_WARN_NON_LITERAL_NULL_CONVERSION = YES;
				CLANG_WARN_OBJC_IMPLICIT_RETAIN_SELF = YES;
				CLANG_WARN_OBJC_LITERAL_CONVERSION = YES;
				CLANG_WARN_OBJC_ROOT_CLASS = YES_ERROR;
				CLANG_WARN_QUOTED_INCLUDE_IN_FRAMEWORK_HEADER = YES;
				CLANG_WARN_RANGE_LOOP_ANALYSIS = YES;
				CLANG_WARN_STRICT_PROTOTYPES = YES;
				CLANG_WARN_SUSPICIOUS_MOVE = YES;
				CLANG_WARN_UNGUARDED_AVAILABILITY = YES_AGGRESSIVE;
				CLANG_WARN_UNREACHABLE_CODE = YES;
				CLANG_WARN__DUPLICATE_METHOD_MATCH = YES;
				COPY_PHASE_STRIP = NO;
				DEBUG_INFORMATION_FORMAT = "dwarf-with-dsym";
				DEVELOPMENT_TEAM = 5WH7G6L8BA;
				ENABLE_NS_ASSERTIONS = NO;
				ENABLE_STRICT_OBJC_MSGSEND = YES;
				ENABLE_USER_SCRIPT_SANDBOXING = YES;
				GCC_C_LANGUAGE_STANDARD = gnu17;
				GCC_NO_COMMON_BLOCKS = YES;
				GCC_WARN_64_TO_32_BIT_CONVERSION = YES;
				GCC_WARN_ABOUT_RETURN_TYPE = YES_ERROR;
				GCC_WARN_UNDECLARED_SELECTOR = YES;
				GCC_WARN_UNINITIALIZED_AUTOS = YES_AGGRESSIVE;
				GCC_WARN_UNUSED_FUNCTION = YES;
				GCC_WARN_UNUSED_VARIABLE = YES;
				LOCALIZATION_PREFERS_STRING_CATALOGS = YES;
				MACOSX_DEPLOYMENT_TARGET = 26.4;
				MTL_ENABLE_DEBUG_INFO = NO;
				MTL_FAST_MATH = YES;
				SDKROOT = macosx;
				SWIFT_COMPILATION_MODE = wholemodule;
			};
			name = Release;
		};
		A16A18122F85BA7D0021EADF /* Debug */ = {
			isa = XCBuildConfiguration;
			buildSettings = {
				ASSETCATALOG_COMPILER_APPICON_NAME = AppIcon;
				ASSETCATALOG_COMPILER_GLOBAL_ACCENT_COLOR_NAME = AccentColor;
				AUTOMATION_APPLE_EVENTS = YES;
				CODE_SIGN_ENTITLEMENTS = WaveNotch.entitlements;
				CODE_SIGN_STYLE = Automatic;
				COMBINE_HIDPI_IMAGES = YES;
				CURRENT_PROJECT_VERSION = 33;
				DEVELOPMENT_TEAM = 5WH7G6L8BA;
				ENABLE_APP_SANDBOX = NO;
				ENABLE_HARDENED_RUNTIME = YES;
				ENABLE_PREVIEWS = YES;
				ENABLE_RESOURCE_ACCESS_AUDIO_INPUT = NO;
				ENABLE_RESOURCE_ACCESS_CALENDARS = YES;
				ENABLE_RESOURCE_ACCESS_CAMERA = NO;
				ENABLE_RESOURCE_ACCESS_CONTACTS = NO;
				ENABLE_RESOURCE_ACCESS_LOCATION = NO;
				ENABLE_RESOURCE_ACCESS_PHOTO_LIBRARY = NO;
				GENERATE_INFOPLIST_FILE = YES;
				INFOPLIST_FILE = Notch/Info.plist;
				INFOPLIST_KEY_CFBundleDisplayName = WaveNotch;
				INFOPLIST_KEY_LSApplicationCategoryType = "public.app-category.music";
				INFOPLIST_KEY_LSUIElement = NO;
				INFOPLIST_KEY_NSAppleEventsUsageDescription = "WaveNotch needs to see what song is playing";
				INFOPLIST_KEY_NSHumanReadableCopyright = "";
				LD_RUNPATH_SEARCH_PATHS = (
					"$(inherited)",
					"@executable_path/../Frameworks",
				);
				MACOSX_DEPLOYMENT_TARGET = 14.0;
				MARKETING_VERSION = 2.10;
				PRODUCT_BUNDLE_IDENTIFIER = com.jason.WaveNotch;
				PRODUCT_NAME = WaveNotch;
				REGISTER_APP_GROUPS = YES;
				RUNTIME_EXCEPTION_ALLOW_DYLD_ENVIRONMENT_VARIABLES = NO;
				RUNTIME_EXCEPTION_ALLOW_JIT = NO;
				RUNTIME_EXCEPTION_ALLOW_UNSIGNED_EXECUTABLE_MEMORY = NO;
				RUNTIME_EXCEPTION_DEBUGGING_TOOL = NO;
				RUNTIME_EXCEPTION_DISABLE_EXECUTABLE_PAGE_PROTECTION = NO;
				RUNTIME_EXCEPTION_DISABLE_LIBRARY_VALIDATION = NO;
				STRING_CATALOG_GENERATE_SYMBOLS = YES;
				SWIFT_APPROACHABLE_CONCURRENCY = YES;
				SWIFT_DEFAULT_ACTOR_ISOLATION = MainActor;
				SWIFT_EMIT_LOC_STRINGS = YES;
				SWIFT_UPCOMING_FEATURE_MEMBER_IMPORT_VISIBILITY = YES;
				SWIFT_VERSION = 5.0;
				VERSIONING_SYSTEM = "apple-generic";
			};
			name = Debug;
		};
		A16A18132F85BA7D0021EADF /* Release */ = {
			isa = XCBuildConfiguration;
			buildSettings = {
				ASSETCATALOG_COMPILER_APPICON_NAME = AppIcon;
				ASSETCATALOG_COMPILER_GLOBAL_ACCENT_COLOR_NAME = AccentColor;
				AUTOMATION_APPLE_EVENTS = YES;
				CODE_SIGN_ENTITLEMENTS = WaveNotch.entitlements;
				CODE_SIGN_STYLE = Automatic;
				COMBINE_HIDPI_IMAGES = YES;
				CURRENT_PROJECT_VERSION = 33;
				DEVELOPMENT_TEAM = 5WH7G6L8BA;
				ENABLE_APP_SANDBOX = NO;
				ENABLE_HARDENED_RUNTIME = YES;
				ENABLE_PREVIEWS = YES;
				ENABLE_RESOURCE_ACCESS_AUDIO_INPUT = NO;
				ENABLE_RESOURCE_ACCESS_CALENDARS = YES;
				ENABLE_RESOURCE_ACCESS_CAMERA = NO;
				ENABLE_RESOURCE_ACCESS_CONTACTS = NO;
				ENABLE_RESOURCE_ACCESS_LOCATION = NO;
				ENABLE_RESOURCE_ACCESS_PHOTO_LIBRARY = NO;
				GENERATE_INFOPLIST_FILE = YES;
				INFOPLIST_FILE = Notch/Info.plist;
				INFOPLIST_KEY_CFBundleDisplayName = WaveNotch;
				INFOPLIST_KEY_LSApplicationCategoryType = "public.app-category.music";
				INFOPLIST_KEY_LSUIElement = NO;
				INFOPLIST_KEY_NSAppleEventsUsageDescription = "WaveNotch needs to see what song is playing";
				INFOPLIST_KEY_NSHumanReadableCopyright = "";
				LD_RUNPATH_SEARCH_PATHS = (
					"$(inherited)",
					"@executable_path/../Frameworks",
				);
				MACOSX_DEPLOYMENT_TARGET = 14.0;
				MARKETING_VERSION = 2.10;
				PRODUCT_BUNDLE_IDENTIFIER = com.jason.WaveNotch;
				PRODUCT_NAME = WaveNotch;
				REGISTER_APP_GROUPS = YES;
				RUNTIME_EXCEPTION_ALLOW_DYLD_ENVIRONMENT_VARIABLES = NO;
				RUNTIME_EXCEPTION_ALLOW_JIT = NO;
				RUNTIME_EXCEPTION_ALLOW_UNSIGNED_EXECUTABLE_MEMORY = NO;
				RUNTIME_EXCEPTION_DEBUGGING_TOOL = NO;
				RUNTIME_EXCEPTION_DISABLE_EXECUTABLE_PAGE_PROTECTION = NO;
				RUNTIME_EXCEPTION_DISABLE_LIBRARY_VALIDATION = NO;
				STRING_CATALOG_GENERATE_SYMBOLS = YES;
				SWIFT_APPROACHABLE_CONCURRENCY = YES;
				SWIFT_DEFAULT_ACTOR_ISOLATION = MainActor;
				SWIFT_EMIT_LOC_STRINGS = YES;
				SWIFT_UPCOMING_FEATURE_MEMBER_IMPORT_VISIBILITY = YES;
				SWIFT_VERSION = 5.0;
				VERSIONING_SYSTEM = "apple-generic";
			};
			name = Release;
		};
		A16A18152F85BA7D0021EADF /* Debug */ = {
			isa = XCBuildConfiguration;
			buildSettings = {
				BUNDLE_LOADER = "$(TEST_HOST)";
				CODE_SIGN_STYLE = Automatic;
				CURRENT_PROJECT_VERSION = 33;
				DEVELOPMENT_TEAM = 5WH7G6L8BA;
				GENERATE_INFOPLIST_FILE = YES;
				MACOSX_DEPLOYMENT_TARGET = 26.4;
				MARKETING_VERSION = 2.10;
				PRODUCT_BUNDLE_IDENTIFIER = FLOZABLE.NotchTests;
				PRODUCT_NAME = "$(TARGET_NAME)";
				STRING_CATALOG_GENERATE_SYMBOLS = NO;
				SWIFT_APPROACHABLE_CONCURRENCY = YES;
				SWIFT_EMIT_LOC_STRINGS = NO;
				SWIFT_UPCOMING_FEATURE_MEMBER_IMPORT_VISIBILITY = YES;
				SWIFT_VERSION = 5.0;
				TEST_HOST = "$(BUILT_PRODUCTS_DIR)/Notch.app/$(BUNDLE_EXECUTABLE_FOLDER_PATH)/Notch";
			};
			name = Debug;
		};
		A16A18162F85BA7D0021EADF /* Release */ = {
			isa = XCBuildConfiguration;
			buildSettings = {
				BUNDLE_LOADER = "$(TEST_HOST)";
				CODE_SIGN_STYLE = Automatic;
				CURRENT_PROJECT_VERSION = 33;
				DEVELOPMENT_TEAM = 5WH7G6L8BA;
				GENERATE_INFOPLIST_FILE = YES;
				MACOSX_DEPLOYMENT_TARGET = 26.4;
				MARKETING_VERSION = 2.10;
				PRODUCT_BUNDLE_IDENTIFIER = FLOZABLE.NotchTests;
				PRODUCT_NAME = "$(TARGET_NAME)";
				STRING_CATALOG_GENERATE_SYMBOLS = NO;
				SWIFT_APPROACHABLE_CONCURRENCY = YES;
				SWIFT_EMIT_LOC_STRINGS = NO;
				SWIFT_UPCOMING_FEATURE_MEMBER_IMPORT_VISIBILITY = YES;
				SWIFT_VERSION = 5.0;
				TEST_HOST = "$(BUILT_PRODUCTS_DIR)/Notch.app/$(BUNDLE_EXECUTABLE_FOLDER_PATH)/Notch";
			};
			name = Release;
		};
		A16A18182F85BA7D0021EADF /* Debug */ = {
			isa = XCBuildConfiguration;
			buildSettings = {
				CODE_SIGN_STYLE = Automatic;
				CURRENT_PROJECT_VERSION = 33;
				DEVELOPMENT_TEAM = 5WH7G6L8BA;
				GENERATE_INFOPLIST_FILE = YES;
				MARKETING_VERSION = 2.10;
				PRODUCT_BUNDLE_IDENTIFIER = FLOZABLE.NotchUITests;
				PRODUCT_NAME = "$(TARGET_NAME)";
				STRING_CATALOG_GENERATE_SYMBOLS = NO;
				SWIFT_APPROACHABLE_CONCURRENCY = YES;
				SWIFT_EMIT_LOC_STRINGS = NO;
				SWIFT_UPCOMING_FEATURE_MEMBER_IMPORT_VISIBILITY = YES;
				SWIFT_VERSION = 5.0;
				TEST_TARGET_NAME = Notch;
			};
			name = Debug;
		};
		A16A18192F85BA7D0021EADF /* Release */ = {
			isa = XCBuildConfiguration;
			buildSettings = {
				CODE_SIGN_STYLE = Automatic;
				CURRENT_PROJECT_VERSION = 33;
				DEVELOPMENT_TEAM = 5WH7G6L8BA;
				GENERATE_INFOPLIST_FILE = YES;
				MARKETING_VERSION = 2.10;
				PRODUCT_BUNDLE_IDENTIFIER = FLOZABLE.NotchUITests;
				PRODUCT_NAME = "$(TARGET_NAME)";
				STRING_CATALOG_GENERATE_SYMBOLS = NO;
				SWIFT_APPROACHABLE_CONCURRENCY = YES;
				SWIFT_EMIT_LOC_STRINGS = NO;
				SWIFT_UPCOMING_FEATURE_MEMBER_IMPORT_VISIBILITY = YES;
				SWIFT_VERSION = 5.0;
				TEST_TARGET_NAME = Notch;
			};
			name = Release;
		};
/* End XCBuildConfiguration section */

/* Begin XCConfigurationList section */
		A16A17EB2F85BA7D0021EADF /* Build configuration list for PBXProject "Notch" */ = {
			isa = XCConfigurationList;
			buildConfigurations = (
				A16A180F2F85BA7D0021EADF /* Debug */,
				A16A18102F85BA7D0021EADF /* Release */,
			);
			defaultConfigurationIsVisible = 0;
			defaultConfigurationName = Release;
		};
		A16A18112F85BA7D0021EADF /* Build configuration list for PBXNativeTarget "WaveNotch" */ = {
			isa = XCConfigurationList;
			buildConfigurations = (
				A16A18122F85BA7D0021EADF /* Debug */,
				A16A18132F85BA7D0021EADF /* Release */,
			);
			defaultConfigurationIsVisible = 0;
			defaultConfigurationName = Release;
		};
		A16A18142F85BA7D0021EADF /* Build configuration list for PBXNativeTarget "NotchTests" */ = {
			isa = XCConfigurationList;
			buildConfigurations = (
				A16A18152F85BA7D0021EADF /* Debug */,
				A16A18162F85BA7D0021EADF /* Release */,
			);
			defaultConfigurationIsVisible = 0;
			defaultConfigurationName = Release;
		};
		A16A18172F85BA7D0021EADF /* Build configuration list for PBXNativeTarget "NotchUITests" */ = {
			isa = XCConfigurationList;
			buildConfigurations = (
				A16A18182F85BA7D0021EADF /* Debug */,
				A16A18192F85BA7D0021EADF /* Release */,
			);
			defaultConfigurationIsVisible = 0;
			defaultConfigurationName = Release;
		};
/* End XCConfigurationList section */

/* Begin XCRemoteSwiftPackageReference section */
		A10332812F8DC30400C7DDA1 /* XCRemoteSwiftPackageReference "Sparkle" */ = {
			isa = XCRemoteSwiftPackageReference;
			repositoryURL = "https://github.com/sparkle-project/Sparkle";
			requirement = {
				kind = upToNextMajorVersion;
				minimumVersion = 2.9.1;
			};
		};
		A10332842F8EDA4800C7DDA1 /* XCRemoteSwiftPackageReference "KeyboardShortcuts" */ = {
			isa = XCRemoteSwiftPackageReference;
			repositoryURL = "https://github.com/sindresorhus/KeyboardShortcuts";
			requirement = {
				kind = upToNextMajorVersion;
				minimumVersion = 2.4.0;
			};
		};
		A10332892F8FE1C700C7DDA1 /* XCRemoteSwiftPackageReference "posthog-ios" */ = {
			isa = XCRemoteSwiftPackageReference;
			repositoryURL = "https://github.com/PostHog/posthog-ios";
			requirement = {
				kind = upToNextMajorVersion;
				minimumVersion = 3.51.0;
			};
		};
		A1E947312F87800B00C0870A /* XCRemoteSwiftPackageReference "SkyLightWindow" */ = {
			isa = XCRemoteSwiftPackageReference;
			repositoryURL = "https://github.com/Lakr233/SkyLightWindow";
			requirement = {
				kind = upToNextMajorVersion;
				minimumVersion = 1.0.0;
			};
		};
/* End XCRemoteSwiftPackageReference section */

/* Begin XCSwiftPackageProductDependency section */
		A10332822F8DC44F00C7DDA1 /* Sparkle */ = {
			isa = XCSwiftPackageProductDependency;
			package = A10332812F8DC30400C7DDA1 /* XCRemoteSwiftPackageReference "Sparkle" */;
			productName = Sparkle;
		};
		A10332852F8EDA5800C7DDA1 /* KeyboardShortcuts */ = {
			isa = XCSwiftPackageProductDependency;
			package = A10332842F8EDA4800C7DDA1 /* XCRemoteSwiftPackageReference "KeyboardShortcuts" */;
			productName = KeyboardShortcuts;
		};
		A103328A2F8FE1D400C7DDA1 /* PostHog */ = {
			isa = XCSwiftPackageProductDependency;
			package = A10332892F8FE1C700C7DDA1 /* XCRemoteSwiftPackageReference "posthog-ios" */;
			productName = PostHog;
		};
		A1E947332F8781B200C0870A /* SkyLightWindow */ = {
			isa = XCSwiftPackageProductDependency;
			package = A1E947312F87800B00C0870A /* XCRemoteSwiftPackageReference "SkyLightWindow" */;
			productName = SkyLightWindow;
		};
/* End XCSwiftPackageProductDependency section */
	};
	rootObject = A16A17E82F85BA7D0021EADF /* Project object */;
}
